
Microsoft Visual Studio Solution File, Format Version 12.00
# Visual Studio Version 16
VisualStudioVersion = 16.0.30804.86
MinimumVisualStudioVersion = 10.0.40219.1
Project("{FAE04EC0-301F-11D3-BF4B-00C04F79EFBC}") = "API_CRUD_Doc", "API_CRUD_Doc.csproj", "{8257E767-CFB4-43C7-8A59-964C13CECBEA}"
EndProject
Global
	GlobalSection(SolutionConfigurationPlatforms) = preSolution
		Debug|Any CPU = Debug|Any CPU
		Release|Any CPU = Release|Any CPU
	EndGlobalSection
	GlobalSection(ProjectConfigurationPlatforms) = postSolution
		{8257E767-CFB4-43C7-8A59-964C13CECBEA}.Debug|Any CPU.ActiveCfg = Debug|Any CPU
		{8257E767-CFB4-43C7-8A59-964C13CECBEA}.Debug|Any CPU.Build.0 = Debug|Any CPU
		{8257E767-CFB4-43C7-8A59-964C13CECBEA}.Release|Any CPU.ActiveCfg = Release|Any CPU
		{8257E767-CFB4-43C7-8A59-964C13CECBEA}.Release|Any CPU.Build.0 = Release|Any CPU
	EndGlobalSection
	GlobalSection(SolutionProperties) = preSolution
		HideSolutionNode = FALSE
	EndGlobalSection
	GlobalSection(ExtensibilityGlobals) = postSolution
		SolutionGuid = {6D08E7FB-3329-407A-9B01-156BEB62F107}
	EndGlobalSection
EndGlobal
